<?xml version="1.0" encoding="utf-8"?>
<Project ToolsVersion="17.0" xmlns="http://schemas.microsoft.com/developer/msbuild/2003">
  <ItemGroup>
    <ClCompile Include="C:\Users\conej\Documents\Universidad\Geant4\Projects\Git\G4-PCM\PCM.cc">
      <Filter>Source Files</Filter>
    </ClCompile>
    <ClCompile Include="C:\Users\conej\Documents\Universidad\Geant4\Projects\Git\G4-PCM\src\Actioninit.cc">
      <Filter>Source Files</Filter>
    </ClCompile>
    <ClCompile Include="C:\Users\conej\Documents\Universidad\Geant4\Projects\Git\G4-PCM\src\DetectorConstruction.cc">
      <Filter>Source Files</Filter>
    </ClCompile>
    <ClCompile Include="C:\Users\conej\Documents\Universidad\Geant4\Projects\Git\G4-PCM\src\EventAction.cc">
      <Filter>Source Files</Filter>
    </ClCompile>
    <ClCompile Include="C:\Users\conej\Documents\Universidad\Geant4\Projects\Git\G4-PCM\src\PhysicsList.cc">
      <Filter>Source Files</Filter>
    </ClCompile>
    <ClCompile Include="C:\Users\conej\Documents\Universidad\Geant4\Projects\Git\G4-PCM\src\PrimaryGeneratorAction.cc">
      <Filter>Source Files</Filter>
    </ClCompile>
    <ClCompile Include="C:\Users\conej\Documents\Universidad\Geant4\Projects\Git\G4-PCM\src\RunAction.cc">
      <Filter>Source Files</Filter>
    </ClCompile>
    <ClCompile Include="C:\Users\conej\Documents\Universidad\Geant4\Projects\Git\G4-PCM\src\SteppingAction.cc">
      <Filter>Source Files</Filter>
    </ClCompile>
  </ItemGroup>
  <ItemGroup>
    <ClInclude Include="C:\Users\conej\Documents\Universidad\Geant4\Projects\Git\G4-PCM\include\ActionInit.hh">
      <Filter>Header Files</Filter>
    </ClInclude>
    <ClInclude Include="C:\Users\conej\Documents\Universidad\Geant4\Projects\Git\G4-PCM\include\DetectorConstruction.hh">
      <Filter>Header Files</Filter>
    </ClInclude>
    <ClInclude Include="C:\Users\conej\Documents\Universidad\Geant4\Projects\Git\G4-PCM\include\EventAction.hh">
      <Filter>Header Files</Filter>
    </ClInclude>
    <ClInclude Include="C:\Users\conej\Documents\Universidad\Geant4\Projects\Git\G4-PCM\include\PhysicsList.hh">
      <Filter>Header Files</Filter>
    </ClInclude>
    <ClInclude Include="C:\Users\conej\Documents\Universidad\Geant4\Projects\Git\G4-PCM\include\PrimaryGeneratorAction.hh">
      <Filter>Header Files</Filter>
    </ClInclude>
    <ClInclude Include="C:\Users\conej\Documents\Universidad\Geant4\Projects\Git\G4-PCM\include\RunAction.hh">
      <Filter>Header Files</Filter>
    </ClInclude>
    <ClInclude Include="C:\Users\conej\Documents\Universidad\Geant4\Projects\Git\G4-PCM\include\SteppingAction.hh">
      <Filter>Header Files</Filter>
    </ClInclude>
  </ItemGroup>
  <ItemGroup>
    <CustomBuild Include="C:\Users\conej\Documents\Universidad\Geant4\Projects\Git\G4-PCM\CMakeLists.txt" />
  </ItemGroup>
  <ItemGroup>
    <Filter Include="Header Files">
      <UniqueIdentifier>{D7A96A33-AA3E-3D96-8F6E-05475E60A27E}</UniqueIdentifier>
    </Filter>
    <Filter Include="Source Files">
      <UniqueIdentifier>{92B56869-825F-3D9D-B347-153C1710DB47}</UniqueIdentifier>
    </Filter>
  </ItemGroup>
</Project>
