
Microsoft Visual Studio Solution File, Format Version 12.00
# Visual Studio Version 17
Project("{8BC9CEB8-8B4A-11D0-8D11-00A0C91BC942}") = "PCM", "PCM.vcxproj", "{1235682C-C3E3-32DC-9C1D-F4273ED3BE43}"
	ProjectSection(ProjectDependencies) = postProject
		{824F70D8-59D5-3757-A73D-A52182454A06} = {824F70D8-59D5-3757-A73D-A52182454A06}
	EndProjectSection
EndProject
Project("{8BC9CEB8-8B4A-11D0-8D11-00A0C91BC942}") = "ALL_BUILD", "ALL_BUILD.vcxproj", "{75F41569-3C88-3671-9088-8AEE4FE21D85}"
	ProjectSection(ProjectDependencies) = postProject
		{1235682C-C3E3-32DC-9C1D-F4273ED3BE43} = {1235682C-C3E3-32DC-9C1D-F4273ED3BE43}
		{824F70D8-59D5-3757-A73D-A52182454A06} = {824F70D8-59D5-3757-A73D-A52182454A06}
	EndProjectSection
EndProject
Project("{8BC9CEB8-8B4A-11D0-8D11-00A0C91BC942}") = "INSTALL", "INSTALL.vcxproj", "{0CF509C9-E3E2-3E27-9E02-035300F3F77C}"
	ProjectSection(ProjectDependencies) = postProject
		{75F41569-3C88-3671-9088-8AEE4FE21D85} = {75F41569-3C88-3671-9088-8AEE4FE21D85}
		{824F70D8-59D5-3757-A73D-A52182454A06} = {824F70D8-59D5-3757-A73D-A52182454A06}
	EndProjectSection
EndProject
Project("{8BC9CEB8-8B4A-11D0-8D11-00A0C91BC942}") = "ZERO_CHECK", "ZERO_CHECK.vcxproj", "{824F70D8-59D5-3757-A73D-A52182454A06}"
	ProjectSection(ProjectDependencies) = postProject
	EndProjectSection
EndProject
Global
	GlobalSection(SolutionConfigurationPlatforms) = preSolution
		Release|x64 = Release|x64
	EndGlobalSection
	GlobalSection(ProjectConfigurationPlatforms) = postSolution
		{1235682C-C3E3-32DC-9C1D-F4273ED3BE43}.Release|x64.ActiveCfg = Release|x64
		{1235682C-C3E3-32DC-9C1D-F4273ED3BE43}.Release|x64.Build.0 = Release|x64
		{75F41569-3C88-3671-9088-8AEE4FE21D85}.Release|x64.ActiveCfg = Release|x64
		{75F41569-3C88-3671-9088-8AEE4FE21D85}.Release|x64.Build.0 = Release|x64
		{0CF509C9-E3E2-3E27-9E02-035300F3F77C}.Release|x64.ActiveCfg = Release|x64
		{824F70D8-59D5-3757-A73D-A52182454A06}.Release|x64.ActiveCfg = Release|x64
		{824F70D8-59D5-3757-A73D-A52182454A06}.Release|x64.Build.0 = Release|x64
	EndGlobalSection
	GlobalSection(ExtensibilityGlobals) = postSolution
		SolutionGuid = {9304E466-1B86-3704-AF02-6DC2D988D001}
	EndGlobalSection
	GlobalSection(ExtensibilityAddIns) = postSolution
	EndGlobalSection
EndGlobal
