<?xml version="1.0" encoding="utf-8"?>
<Project ToolsVersion="17.0" xmlns="http://schemas.microsoft.com/developer/msbuild/2003">
  <ItemGroup>
    <CustomBuild Include="C:\Users\conej\Documents\Universidad\Geant4\Projects\Git\G4-PCM\d7sim9000nm\CMakeFiles\657997f7bbcb343d8d48c07bc52540c9\INSTALL_force.rule">
      <Filter>CMake Rules</Filter>
    </CustomBuild>
  </ItemGroup>
  <ItemGroup>
    <Filter Include="CMake Rules">
      <UniqueIdentifier>{69A196C7-8254-375E-BF3E-04777141CC9C}</UniqueIdentifier>
    </Filter>
  </ItemGroup>
</Project>
