
Microsoft Visual Studio Solution File, Format Version 12.00
# Visual Studio Version 17
Project("{8BC9CEB8-8B4A-11D0-8D11-00A0C91BC942}") = "PCM", "PCM.vcxproj", "{1CE7405D-FFD3-3767-8D47-DCDF3FBE2260}"
	ProjectSection(ProjectDependencies) = postProject
		{FA943A80-D199-36E2-B813-A40A87F1BE46} = {FA943A80-D199-36E2-B813-A40A87F1BE46}
	EndProjectSection
EndProject
Project("{8BC9CEB8-8B4A-11D0-8D11-00A0C91BC942}") = "ALL_BUILD", "ALL_BUILD.vcxproj", "{250F1756-1594-3BA4-ABD4-21412E29195F}"
	ProjectSection(ProjectDependencies) = postProject
		{1CE7405D-FFD3-3767-8D47-DCDF3FBE2260} = {1CE7405D-FFD3-3767-8D47-DCDF3FBE2260}
		{FA943A80-D199-36E2-B813-A40A87F1BE46} = {FA943A80-D199-36E2-B813-A40A87F1BE46}
	EndProjectSection
EndProject
Project("{8BC9CEB8-8B4A-11D0-8D11-00A0C91BC942}") = "INSTALL", "INSTALL.vcxproj", "{0FE05236-E694-32A2-9B1A-D88B27E326D3}"
	ProjectSection(ProjectDependencies) = postProject
		{250F1756-1594-3BA4-ABD4-21412E29195F} = {250F1756-1594-3BA4-ABD4-21412E29195F}
		{FA943A80-D199-36E2-B813-A40A87F1BE46} = {FA943A80-D199-36E2-B813-A40A87F1BE46}
	EndProjectSection
EndProject
Project("{8BC9CEB8-8B4A-11D0-8D11-00A0C91BC942}") = "ZERO_CHECK", "ZERO_CHECK.vcxproj", "{FA943A80-D199-36E2-B813-A40A87F1BE46}"
	ProjectSection(ProjectDependencies) = postProject
	EndProjectSection
EndProject
Global
	GlobalSection(SolutionConfigurationPlatforms) = preSolution
		Release|x64 = Release|x64
	EndGlobalSection
	GlobalSection(ProjectConfigurationPlatforms) = postSolution
		{1CE7405D-FFD3-3767-8D47-DCDF3FBE2260}.Release|x64.ActiveCfg = Release|x64
		{1CE7405D-FFD3-3767-8D47-DCDF3FBE2260}.Release|x64.Build.0 = Release|x64
		{250F1756-1594-3BA4-ABD4-21412E29195F}.Release|x64.ActiveCfg = Release|x64
		{250F1756-1594-3BA4-ABD4-21412E29195F}.Release|x64.Build.0 = Release|x64
		{0FE05236-E694-32A2-9B1A-D88B27E326D3}.Release|x64.ActiveCfg = Release|x64
		{FA943A80-D199-36E2-B813-A40A87F1BE46}.Release|x64.ActiveCfg = Release|x64
		{FA943A80-D199-36E2-B813-A40A87F1BE46}.Release|x64.Build.0 = Release|x64
	EndGlobalSection
	GlobalSection(ExtensibilityGlobals) = postSolution
		SolutionGuid = {1A947EA6-073A-341F-B359-54038D014C21}
	EndGlobalSection
	GlobalSection(ExtensibilityAddIns) = postSolution
	EndGlobalSection
EndGlobal
