<?xml version="1.0" encoding="utf-8"?>
<Project ToolsVersion="17.0" xmlns="http://schemas.microsoft.com/developer/msbuild/2003">
  <ItemGroup>
    <CustomBuild Include="C:\Users\conej\Documents\Universidad\Geant4\Projects\Git\G4-PCM\d7sim2200nm\CMakeFiles\6250aa2f0139f20a79317764077ab3c4\INSTALL_force.rule">
      <Filter>CMake Rules</Filter>
    </CustomBuild>
  </ItemGroup>
  <ItemGroup>
    <Filter Include="CMake Rules">
      <UniqueIdentifier>{15D8FDCB-D7A5-38AB-90F4-DFA2CBB3E430}</UniqueIdentifier>
    </Filter>
  </ItemGroup>
</Project>
