<?xml version="1.0" encoding="utf-8"?>
<Project ToolsVersion="17.0" xmlns="http://schemas.microsoft.com/developer/msbuild/2003">
  <ItemGroup>
    <CustomBuild Include="C:\Users\conej\Documents\Universidad\Geant4\Projects\Git\G4-PCM\d5sim280nm\CMakeFiles\97ab5bae9982b58770ea134a393d7ba7\generate.stamp.rule">
      <Filter>CMake Rules</Filter>
    </CustomBuild>
  </ItemGroup>
  <ItemGroup>
    <Filter Include="CMake Rules">
      <UniqueIdentifier>{F835AE55-4498-304A-9FF9-60BE6581D98C}</UniqueIdentifier>
    </Filter>
  </ItemGroup>
</Project>
