<?xml version="1.0" encoding="utf-8"?>
<Project ToolsVersion="17.0" xmlns="http://schemas.microsoft.com/developer/msbuild/2003">
  <ItemGroup>
    <CustomBuild Include="C:\Users\conej\Documents\Universidad\Geant4\Projects\Git\G4-PCM\d2sim80nm\CMakeFiles\a6b9f948a40c9b38fe29398be0786d42\INSTALL_force.rule">
      <Filter>CMake Rules</Filter>
    </CustomBuild>
  </ItemGroup>
  <ItemGroup>
    <Filter Include="CMake Rules">
      <UniqueIdentifier>{1C52DF21-6655-3F80-BC0A-7A0E2B32EDB0}</UniqueIdentifier>
    </Filter>
  </ItemGroup>
</Project>
